// !$*UTF8*$!
{
	archiveVersion = 1;
	classes = {
	};
	objectVersion = 56;
	objects = {

/* Begin PBXBuildFile section */
		EAD9A5DA2903EE3300260B81 /* LINECloneAppApp.swift in Sources */ = {isa = PBXBuildFile; fileRef = EAD9A5D92903EE3300260B81 /* LINECloneAppApp.swift */; };
		EAD9A5DC2903EE3300260B81 /* ContentView.swift in Sources */ = {isa = PBXBuildFile; fileRef = EAD9A5DB2903EE3300260B81 /* ContentView.swift */; };
		EAD9A5DE2903EE3600260B81 /* Assets.xcassets in Resources */ = {isa = PBXBuildFile; fileRef = EAD9A5DD2903EE3600260B81 /* Assets.xcassets */; };
		EAD9A5E12903EE3600260B81 /* Preview Assets.xcassets in Resources */ = {isa = PBXBuildFile; fileRef = EAD9A5E02903EE3600260B81 /* Preview Assets.xcassets */; };
		EAD9A5EA29042C4500260B81 /* homeView.swift in Sources */ = {isa = PBXBuildFile; fileRef = EAD9A5E929042C4500260B81 /* homeView.swift */; };
		EAD9A5EC2904D76C00260B81 /* MessageListView.swift in Sources */ = {isa = PBXBuildFile; fileRef = EAD9A5EB2904D76C00260B81 /* MessageListView.swift */; };
		EAD9A5EE2904D8B500260B81 /* User.swift in Sources */ = {isa = PBXBuildFile; fileRef = EAD9A5ED2904D8B500260B81 /* User.swift */; };
		EAD9A5F02904DAD900260B81 /* UserItem.swift in Sources */ = {isa = PBXBuildFile; fileRef = EAD9A5EF2904DAD900260B81 /* UserItem.swift */; };
		EAD9A5F22904DDC700260B81 /* Friend.swift in Sources */ = {isa = PBXBuildFile; fileRef = EAD9A5F12904DDC700260B81 /* Friend.swift */; };
/* End PBXBuildFile section */

/* Begin PBXFileReference section */
		EAD9A5D62903EE3300260B81 /* LINECloneApp.app */ = {isa = PBXFileReference; explicitFileType = wrapper.application; includeInIndex = 0; path = LINECloneApp.app; sourceTree = BUILT_PRODUCTS_DIR; };
		EAD9A5D92903EE3300260B81 /* LINECloneAppApp.swift */ = {isa = PBXFileReference; lastKnownFileType = sourcecode.swift; path = LINECloneAppApp.swift; sourceTree = "<group>"; };
		EAD9A5DB2903EE3300260B81 /* ContentView.swift */ = {isa = PBXFileReference; lastKnownFileType = sourcecode.swift; path = ContentView.swift; sourceTree = "<group>"; };
		EAD9A5DD2903EE3600260B81 /* Assets.xcassets */ = {isa = PBXFileReference; lastKnownFileType = folder.assetcatalog; path = Assets.xcassets; sourceTree = "<group>"; };
		EAD9A5E02903EE3600260B81 /* Preview Assets.xcassets */ = {isa = PBXFileReference; lastKnownFileType = folder.assetcatalog; path = "Preview Assets.xcassets"; sourceTree = "<group>"; };
		EAD9A5E929042C4500260B81 /* homeView.swift */ = {isa = PBXFileReference; lastKnownFileType = sourcecode.swift; path = homeView.swift; sourceTree = "<group>"; };
		EAD9A5EB2904D76C00260B81 /* MessageListView.swift */ = {isa = PBXFileReference; lastKnownFileType = sourcecode.swift; path = MessageListView.swift; sourceTree = "<group>"; };
		EAD9A5ED2904D8B500260B81 /* User.swift */ = {isa = PBXFileReference; lastKnownFileType = sourcecode.swift; path = User.swift; sourceTree = "<group>"; };
		EAD9A5EF2904DAD900260B81 /* UserItem.swift */ = {isa = PBXFileReference; lastKnownFileType = sourcecode.swift; path = UserItem.swift; sourceTree = "<group>"; };
		EAD9A5F12904DDC700260B81 /* Friend.swift */ = {isa = PBXFileReference; lastKnownFileType = sourcecode.swift; path = Friend.swift; sourceTree = "<group>"; };
/* End PBXFileReference section */

/* Begin PBXFrameworksBuildPhase section */
		EAD9A5D32903EE3300260B81 /* Frameworks */ = {
			isa = PBXFrameworksBuildPhase;
			buildActionMask = 2147483647;
			files = (
			);
			runOnlyForDeploymentPostprocessing = 0;
		};
/* End PBXFrameworksBuildPhase section */

/* Begin PBXGroup section */
		EAD9A5CD2903EE3300260B81 = {
			isa = PBXGroup;
			children = (
				EAD9A5D82903EE3300260B81 /* LINECloneApp */,
				EAD9A5D72903EE3300260B81 /* Products */,
			);
			sourceTree = "<group>";
		};
		EAD9A5D72903EE3300260B81 /* Products */ = {
			isa = PBXGroup;
			children = (
				EAD9A5D62903EE3300260B81 /* LINECloneApp.app */,
			);
			name = Products;
			sourceTree = "<group>";
		};
		EAD9A5D82903EE3300260B81 /* LINECloneApp */ = {
			isa = PBXGroup;
			children = (
				EAD9A5E82903F2C000260B81 /* Model */,
				EAD9A5E72903F2B200260B81 /* View */,
				EAD9A5DB2903EE3300260B81 /* ContentView.swift */,
				EAD9A5D92903EE3300260B81 /* LINECloneAppApp.swift */,
				EAD9A5DD2903EE3600260B81 /* Assets.xcassets */,
				EAD9A5DF2903EE3600260B81 /* Preview Content */,
			);
			path = LINECloneApp;
			sourceTree = "<group>";
		};
		EAD9A5DF2903EE3600260B81 /* Preview Content */ = {
			isa = PBXGroup;
			children = (
				EAD9A5E02903EE3600260B81 /* Preview Assets.xcassets */,
			);
			path = "Preview Content";
			sourceTree = "<group>";
		};
		EAD9A5E72903F2B200260B81 /* View */ = {
			isa = PBXGroup;
			children = (
				EAD9A5E929042C4500260B81 /* homeView.swift */,
				EAD9A5EB2904D76C00260B81 /* MessageListView.swift */,
				EAD9A5EF2904DAD900260B81 /* UserItem.swift */,
			);
			path = View;
			sourceTree = "<group>";
		};
		EAD9A5E82903F2C000260B81 /* Model */ = {
			isa = PBXGroup;
			children = (
				EAD9A5ED2904D8B500260B81 /* User.swift */,
				EAD9A5F12904DDC700260B81 /* Friend.swift */,
			);
			path = Model;
			sourceTree = "<group>";
		};
/* End PBXGroup section */

/* Begin PBXNativeTarget section */
		EAD9A5D52903EE3300260B81 /* LINECloneApp */ = {
			isa = PBXNativeTarget;
			buildConfigurationList = EAD9A5E42903EE3600260B81 /* Build configuration list for PBXNativeTarget "LINECloneApp" */;
			buildPhases = (
				EAD9A5D22903EE3300260B81 /* Sources */,
				EAD9A5D32903EE3300260B81 /* Frameworks */,
				EAD9A5D42903EE3300260B81 /* Resources */,
			);
			buildRules = (
			);
			dependencies = (
			);
			name = LINECloneApp;
			productName = LINECloneApp;
			productReference = EAD9A5D62903EE3300260B81 /* LINECloneApp.app */;
			productType = "com.apple.product-type.application";
		};
/* End PBXNativeTarget section */

/* Begin PBXProject section */
		EAD9A5CE2903EE3300260B81 /* Project object */ = {
			isa = PBXProject;
			attributes = {
				BuildIndependentTargetsInParallel = 1;
				LastSwiftUpdateCheck = 1400;
				LastUpgradeCheck = 1400;
				TargetAttributes = {
					EAD9A5D52903EE3300260B81 = {
						CreatedOnToolsVersion = 14.0.1;
					};
				};
			};
			buildConfigurationList = EAD9A5D12903EE3300260B81 /* Build configuration list for PBXProject "LINECloneApp" */;
			compatibilityVersion = "Xcode 14.0";
			developmentRegion = en;
			hasScannedForEncodings = 0;
			knownRegions = (
				en,
				Base,
			);
			mainGroup = EAD9A5CD2903EE3300260B81;
			productRefGroup = EAD9A5D72903EE3300260B81 /* Products */;
			projectDirPath = "";
			projectRoot = "";
			targets = (
				EAD9A5D52903EE3300260B81 /* LINECloneApp */,
			);
		};
/* End PBXProject section */

/* Begin PBXResourcesBuildPhase section */
		EAD9A5D42903EE3300260B81 /* Resources */ = {
			isa = PBXResourcesBuildPhase;
			buildActionMask = 2147483647;
			files = (
				EAD9A5E12903EE3600260B81 /* Preview Assets.xcassets in Resources */,
				EAD9A5DE2903EE3600260B81 /* Assets.xcassets in Resources */,
			);
			runOnlyForDeploymentPostprocessing = 0;
		};
/* End PBXResourcesBuildPhase section */

/* Begin PBXSourcesBuildPhase section */
		EAD9A5D22903EE3300260B81 /* Sources */ = {
			isa = PBXSourcesBuildPhase;
			buildActionMask = 2147483647;
			files = (
				EAD9A5EC2904D76C00260B81 /* MessageListView.swift in Sources */,
				EAD9A5F22904DDC700260B81 /* Friend.swift in Sources */,
				EAD9A5DC2903EE3300260B81 /* ContentView.swift in Sources */,
				EAD9A5DA2903EE3300260B81 /* LINECloneAppApp.swift in Sources */,
				EAD9A5EE2904D8B500260B81 /* User.swift in Sources */,
				EAD9A5EA29042C4500260B81 /* homeView.swift in Sources */,
				EAD9A5F02904DAD900260B81 /* UserItem.swift in Sources */,
			);
			runOnlyForDeploymentPostprocessing = 0;
		};
/* End PBXSourcesBuildPhase section */

/* Begin XCBuildConfiguration section */
		EAD9A5E22903EE3600260B81 /* Debug */ = {
			isa = XCBuildConfiguration;
			buildSettings = {
				ALWAYS_SEARCH_USER_PATHS = NO;
				CLANG_ANALYZER_NONNULL = YES;
				CLANG_ANALYZER_NUMBER_OBJECT_CONVERSION = YES_AGGRESSIVE;
				CLANG_CXX_LANGUAGE_STANDARD = "gnu++20";
				CLANG_ENABLE_MODULES = YES;
				CLANG_ENABLE_OBJC_ARC = YES;
				CLANG_ENABLE_OBJC_WEAK = YES;
				CLANG_WARN_BLOCK_CAPTURE_AUTORELEASING = YES;
				CLANG_WARN_BOOL_CONVERSION = YES;
				CLANG_WARN_COMMA = YES;
				CLANG_WARN_CONSTANT_CONVERSION = YES;
				CLANG_WARN_DEPRECATED_OBJC_IMPLEMENTATIONS = YES;
				CLANG_WARN_DIRECT_OBJC_ISA_USAGE = YES_ERROR;
				CLANG_WARN_DOCUMENTATION_COMMENTS = YES;
				CLANG_WARN_EMPTY_BODY = YES;
				CLANG_WARN_ENUM_CONVERSION = YES;
				CLANG_WARN_INFINITE_RECURSION = YES;
				CLANG_WARN_INT_CONVERSION = YES;
				CLANG_WARN_NON_LITERAL_NULL_CONVERSION = YES;
				CLANG_WARN_OBJC_IMPLICIT_RETAIN_SELF = YES;
				CLANG_WARN_OBJC_LITERAL_CONVERSION = YES;
				CLANG_WARN_OBJC_ROOT_CLASS = YES_ERROR;
				CLANG_WARN_QUOTED_INCLUDE_IN_FRAMEWORK_HEADER = YES;
				CLANG_WARN_RANGE_LOOP_ANALYSIS = YES;
				CLANG_WARN_STRICT_PROTOTYPES = YES;
				CLANG_WARN_SUSPICIOUS_MOVE = YES;
				CLANG_WARN_UNGUARDED_AVAILABILITY = YES_AGGRESSIVE;
				CLANG_WARN_UNREACHABLE_CODE = YES;
				CLANG_WARN__DUPLICATE_METHOD_MATCH = YES;
				COPY_PHASE_STRIP = NO;
				DEBUG_INFORMATION_FORMAT = dwarf;
				ENABLE_STRICT_OBJC_MSGSEND = YES;
				ENABLE_TESTABILITY = YES;
				GCC_C_LANGUAGE_STANDARD = gnu11;
				GCC_DYNAMIC_NO_PIC = NO;
				GCC_NO_COMMON_BLOCKS = YES;
				GCC_OPTIMIZATION_LEVEL = 0;
				GCC_PREPROCESSOR_DEFINITIONS = (
					"DEBUG=1",
					"$(inherited)",
				);
				GCC_WARN_64_TO_32_BIT_CONVERSION = YES;
				GCC_WARN_ABOUT_RETURN_TYPE = YES_ERROR;
				GCC_WARN_UNDECLARED_SELECTOR = YES;
				GCC_WARN_UNINITIALIZED_AUTOS = YES_AGGRESSIVE;
				GCC_WARN_UNUSED_FUNCTION = YES;
				GCC_WARN_UNUSED_VARIABLE = YES;
				IPHONEOS_DEPLOYMENT_TARGET = 16.0;
				MTL_ENABLE_DEBUG_INFO = INCLUDE_SOURCE;
				MTL_FAST_MATH = YES;
				ONLY_ACTIVE_ARCH = YES;
				SDKROOT = iphoneos;
				SWIFT_ACTIVE_COMPILATION_CONDITIONS = DEBUG;
				SWIFT_OPTIMIZATION_LEVEL = "-Onone";
			};
			name = Debug;
		};
		EAD9A5E32903EE3600260B81 /* Release */ = {
			isa = XCBuildConfiguration;
			buildSettings = {
				ALWAYS_SEARCH_USER_PATHS = NO;
				CLANG_ANALYZER_NONNULL = YES;
				CLANG_ANALYZER_NUMBER_OBJECT_CONVERSION = YES_AGGRESSIVE;
				CLANG_CXX_LANGUAGE_STANDARD = "gnu++20";
				CLANG_ENABLE_MODULES = YES;
				CLANG_ENABLE_OBJC_ARC = YES;
				CLANG_ENABLE_OBJC_WEAK = YES;
				CLANG_WARN_BLOCK_CAPTURE_AUTORELEASING = YES;
				CLANG_WARN_BOOL_CONVERSION = YES;
				CLANG_WARN_COMMA = YES;
				CLANG_WARN_CONSTANT_CONVERSION = YES;
				CLANG_WARN_DEPRECATED_OBJC_IMPLEMENTATIONS = YES;
				CLANG_WARN_DIRECT_OBJC_ISA_USAGE = YES_ERROR;
				CLANG_WARN_DOCUMENTATION_COMMENTS = YES;
				CLANG_WARN_EMPTY_BODY = YES;
				CLANG_WARN_ENUM_CONVERSION = YES;
				CLANG_WARN_INFINITE_RECURSION = YES;
				CLANG_WARN_INT_CONVERSION = YES;
				CLANG_WARN_NON_LITERAL_NULL_CONVERSION = YES;
				CLANG_WARN_OBJC_IMPLICIT_RETAIN_SELF = YES;
				CLANG_WARN_OBJC_LITERAL_CONVERSION = YES;
				CLANG_WARN_OBJC_ROOT_CLASS = YES_ERROR;
				CLANG_WARN_QUOTED_INCLUDE_IN_FRAMEWORK_HEADER = YES;
				CLANG_WARN_RANGE_LOOP_ANALYSIS = YES;
				CLANG_WARN_STRICT_PROTOTYPES = YES;
				CLANG_WARN_SUSPICIOUS_MOVE = YES;
				CLANG_WARN_UNGUARDED_AVAILABILITY = YES_AGGRESSIVE;
				CLANG_WARN_UNREACHABLE_CODE = YES;
				CLANG_WARN__DUPLICATE_METHOD_MATCH = YES;
				COPY_PHASE_STRIP = NO;
				DEBUG_INFORMATION_FORMAT = "dwarf-with-dsym";
				ENABLE_NS_ASSERTIONS = NO;
				ENABLE_STRICT_OBJC_MSGSEND = YES;
				GCC_C_LANGUAGE_STANDARD = gnu11;
				GCC_NO_COMMON_BLOCKS = YES;
				GCC_WARN_64_TO_32_BIT_CONVERSION = YES;
				GCC_WARN_ABOUT_RETURN_TYPE = YES_ERROR;
				GCC_WARN_UNDECLARED_SELECTOR = YES;
				GCC_WARN_UNINITIALIZED_AUTOS = YES_AGGRESSIVE;
				GCC_WARN_UNUSED_FUNCTION = YES;
				GCC_WARN_UNUSED_VARIABLE = YES;
				IPHONEOS_DEPLOYMENT_TARGET = 16.0;
				MTL_ENABLE_DEBUG_INFO = NO;
				MTL_FAST_MATH = YES;
				SDKROOT = iphoneos;
				SWIFT_COMPILATION_MODE = wholemodule;
				SWIFT_OPTIMIZATION_LEVEL = "-O";
				VALIDATE_PRODUCT = YES;
			};
			name = Release;
		};
		EAD9A5E52903EE3600260B81 /* Debug */ = {
			isa = XCBuildConfiguration;
			buildSettings = {
				ASSETCATALOG_COMPILER_APPICON_NAME = AppIcon;
				ASSETCATALOG_COMPILER_GLOBAL_ACCENT_COLOR_NAME = AccentColor;
				CODE_SIGN_STYLE = Automatic;
				CURRENT_PROJECT_VERSION = 1;
				DEVELOPMENT_ASSET_PATHS = "\"LINECloneApp/Preview Content\"";
				ENABLE_PREVIEWS = YES;
				GENERATE_INFOPLIST_FILE = YES;
				INFOPLIST_KEY_UIApplicationSceneManifest_Generation = YES;
				INFOPLIST_KEY_UIApplicationSupportsIndirectInputEvents = YES;
				INFOPLIST_KEY_UILaunchScreen_Generation = YES;
				INFOPLIST_KEY_UISupportedInterfaceOrientations_iPad = "UIInterfaceOrientationPortrait UIInterfaceOrientationPortraitUpsideDown UIInterfaceOrientationLandscapeLeft UIInterfaceOrientationLandscapeRight";
				INFOPLIST_KEY_UISupportedInterfaceOrientations_iPhone = "UIInterfaceOrientationPortrait UIInterfaceOrientationLandscapeLeft UIInterfaceOrientationLandscapeRight";
				LD_RUNPATH_SEARCH_PATHS = (
					"$(inherited)",
					"@executable_path/Frameworks",
				);
				MARKETING_VERSION = 1.0;
				PRODUCT_BUNDLE_IDENTIFIER = com.LINECloneApp;
				PRODUCT_NAME = "$(TARGET_NAME)";
				SWIFT_EMIT_LOC_STRINGS = YES;
				SWIFT_VERSION = 5.0;
				TARGETED_DEVICE_FAMILY = "1,2";
			};
			name = Debug;
		};
		EAD9A5E62903EE3600260B81 /* Release */ = {
			isa = XCBuildConfiguration;
			buildSettings = {
				ASSETCATALOG_COMPILER_APPICON_NAME = AppIcon;
				ASSETCATALOG_COMPILER_GLOBAL_ACCENT_COLOR_NAME = AccentColor;
				CODE_SIGN_STYLE = Automatic;
				CURRENT_PROJECT_VERSION = 1;
				DEVELOPMENT_ASSET_PATHS = "\"LINECloneApp/Preview Content\"";
				ENABLE_PREVIEWS = YES;
				GENERATE_INFOPLIST_FILE = YES;
				INFOPLIST_KEY_UIApplicationSceneManifest_Generation = YES;
				INFOPLIST_KEY_UIApplicationSupportsIndirectInputEvents = YES;
				INFOPLIST_KEY_UILaunchScreen_Generation = YES;
				INFOPLIST_KEY_UISupportedInterfaceOrientations_iPad = "UIInterfaceOrientationPortrait UIInterfaceOrientationPortraitUpsideDown UIInterfaceOrientationLandscapeLeft UIInterfaceOrientationLandscapeRight";
				INFOPLIST_KEY_UISupportedInterfaceOrientations_iPhone = "UIInterfaceOrientationPortrait UIInterfaceOrientationLandscapeLeft UIInterfaceOrientationLandscapeRight";
				LD_RUNPATH_SEARCH_PATHS = (
					"$(inherited)",
					"@executable_path/Frameworks",
				);
				MARKETING_VERSION = 1.0;
				PRODUCT_BUNDLE_IDENTIFIER = com.LINECloneApp;
				PRODUCT_NAME = "$(TARGET_NAME)";
				SWIFT_EMIT_LOC_STRINGS = YES;
				SWIFT_VERSION = 5.0;
				TARGETED_DEVICE_FAMILY = "1,2";
			};
			name = Release;
		};
/* End XCBuildConfiguration section */

/* Begin XCConfigurationList section */
		EAD9A5D12903EE3300260B81 /* Build configuration list for PBXProject "LINECloneApp" */ = {
			isa = XCConfigurationList;
			buildConfigurations = (
				EAD9A5E22903EE3600260B81 /* Debug */,
				EAD9A5E32903EE3600260B81 /* Release */,
			);
			defaultConfigurationIsVisible = 0;
			defaultConfigurationName = Release;
		};
		EAD9A5E42903EE3600260B81 /* Build configuration list for PBXNativeTarget "LINECloneApp" */ = {
			isa = XCConfigurationList;
			buildConfigurations = (
				EAD9A5E52903EE3600260B81 /* Debug */,
				EAD9A5E62903EE3600260B81 /* Release */,
			);
			defaultConfigurationIsVisible = 0;
			defaultConfigurationName = Release;
		};
/* End XCConfigurationList section */
	};
	rootObject = EAD9A5CE2903EE3300260B81 /* Project object */;
}
